
Microsoft Visual Studio Solution File, Format Version 12.00
# Visual Studio 15
VisualStudioVersion = 15.0.28307.168
MinimumVisualStudioVersion = 10.0.40219.1
Project("{FAE04EC0-301F-11D3-BF4B-00C04F79EFBC}") = "A07Cell.Android", "A07Cell\A07Cell.Android\A07Cell.Android.csproj", "{9FADC6F6-6BE6-44E1-A092-057A29E3826F}"
EndProject
Project("{FAE04EC0-301F-11D3-BF4B-00C04F79EFBC}") = "A07Cell.iOS", "A07Cell\A07Cell.iOS\A07Cell.iOS.csproj", "{DC9E7648-008B-475D-B317-EADF5479958B}"
EndProject
Project("{FAE04EC0-301F-11D3-BF4B-00C04F79EFBC}") = "A07Cell.UWP", "A07Cell\A07Cell.UWP\A07Cell.UWP.csproj", "{2DF4C9BD-A3BC-4FFA-92F1-CABDAB97530C}"
EndProject
Project("{FAE04EC0-301F-11D3-BF4B-00C04F79EFBC}") = "A07Cell", "A07Cell\A07Cell\A07Cell.csproj", "{62FC66E9-1E21-4B2D-A748-8EF0A60EFBD4}"
EndProject
Global
	GlobalSection(SolutionConfigurationPlatforms) = preSolution
		Ad-Hoc|Any CPU = Ad-Hoc|Any CPU
		Ad-Hoc|ARM = Ad-Hoc|ARM
		Ad-Hoc|iPhone = Ad-Hoc|iPhone
		Ad-Hoc|iPhoneSimulator = Ad-Hoc|iPhoneSimulator
		Ad-Hoc|x64 = Ad-Hoc|x64
		Ad-Hoc|x86 = Ad-Hoc|x86
		AppStore|Any CPU = AppStore|Any CPU
		AppStore|ARM = AppStore|ARM
		AppStore|iPhone = AppStore|iPhone
		AppStore|iPhoneSimulator = AppStore|iPhoneSimulator
		AppStore|x64 = AppStore|x64
		AppStore|x86 = AppStore|x86
		Debug|Any CPU = Debug|Any CPU
		Debug|ARM = Debug|ARM
		Debug|iPhone = Debug|iPhone
		Debug|iPhoneSimulator = Debug|iPhoneSimulator
		Debug|x64 = Debug|x64
		Debug|x86 = Debug|x86
		Release|Any CPU = Release|Any CPU
		Release|ARM = Release|ARM
		Release|iPhone = Release|iPhone
		Release|iPhoneSimulator = Release|iPhoneSimulator
		Release|x64 = Release|x64
		Release|x86 = Release|x86
	EndGlobalSection
	GlobalSection(ProjectConfigurationPlatforms) = postSolution
		{9FADC6F6-6BE6-44E1-A092-057A29E3826F}.Ad-Hoc|Any CPU.ActiveCfg = Release|Any CPU
		{9FADC6F6-6BE6-44E1-A092-057A29E3826F}.Ad-Hoc|Any CPU.Build.0 = Release|Any CPU
		{9FADC6F6-6BE6-44E1-A092-057A29E3826F}.Ad-Hoc|Any CPU.Deploy.0 = Release|Any CPU
		{9FADC6F6-6BE6-44E1-A092-057A29E3826F}.Ad-Hoc|ARM.ActiveCfg = Release|Any CPU
		{9FADC6F6-6BE6-44E1-A092-057A29E3826F}.Ad-Hoc|ARM.Build.0 = Release|Any CPU
		{9FADC6F6-6BE6-44E1-A092-057A29E3826F}.Ad-Hoc|ARM.Deploy.0 = Release|Any CPU
		{9FADC6F6-6BE6-44E1-A092-057A29E3826F}.Ad-Hoc|iPhone.ActiveCfg = Release|Any CPU
		{9FADC6F6-6BE6-44E1-A092-057A29E3826F}.Ad-Hoc|iPhone.Build.0 = Release|Any CPU
		{9FADC6F6-6BE6-44E1-A092-057A29E3826F}.Ad-Hoc|iPhone.Deploy.0 = Release|Any CPU
		{9FADC6F6-6BE6-44E1-A092-057A29E3826F}.Ad-Hoc|iPhoneSimulator.ActiveCfg = Release|Any CPU
		{9FADC6F6-6BE6-44E1-A092-057A29E3826F}.Ad-Hoc|iPhoneSimulator.Build.0 = Release|Any CPU
		{9FADC6F6-6BE6-44E1-A092-057A29E3826F}.Ad-Hoc|iPhoneSimulator.Deploy.0 = Release|Any CPU
		{9FADC6F6-6BE6-44E1-A092-057A29E3826F}.Ad-Hoc|x64.ActiveCfg = Release|Any CPU
		{9FADC6F6-6BE6-44E1-A092-057A29E3826F}.Ad-Hoc|x64.Build.0 = Release|Any CPU
		{9FADC6F6-6BE6-44E1-A092-057A29E3826F}.Ad-Hoc|x64.Deploy.0 = Release|Any CPU
		{9FADC6F6-6BE6-44E1-A092-057A29E3826F}.Ad-Hoc|x86.ActiveCfg = Release|Any CPU
		{9FADC6F6-6BE6-44E1-A092-057A29E3826F}.Ad-Hoc|x86.Build.0 = Release|Any CPU
		{9FADC6F6-6BE6-44E1-A092-057A29E3826F}.Ad-Hoc|x86.Deploy.0 = Release|Any CPU
		{9FADC6F6-6BE6-44E1-A092-057A29E3826F}.AppStore|Any CPU.ActiveCfg = Release|Any CPU
		{9FADC6F6-6BE6-44E1-A092-057A29E3826F}.AppStore|Any CPU.Build.0 = Release|Any CPU
		{9FADC6F6-6BE6-44E1-A092-057A29E3826F}.AppStore|Any CPU.Deploy.0 = Release|Any CPU
		{9FADC6F6-6BE6-44E1-A092-057A29E3826F}.AppStore|ARM.ActiveCfg = Release|Any CPU
		{9FADC6F6-6BE6-44E1-A092-057A29E3826F}.AppStore|ARM.Build.0 = Release|Any CPU
		{9FADC6F6-6BE6-44E1-A092-057A29E3826F}.AppStore|ARM.Deploy.0 = Release|Any CPU
		{9FADC6F6-6BE6-44E1-A092-057A29E3826F}.AppStore|iPhone.ActiveCfg = Release|Any CPU
		{9FADC6F6-6BE6-44E1-A092-057A29E3826F}.AppStore|iPhone.Build.0 = Release|Any CPU
		{9FADC6F6-6BE6-44E1-A092-057A29E3826F}.AppStore|iPhone.Deploy.0 = Release|Any CPU
		{9FADC6F6-6BE6-44E1-A092-057A29E3826F}.AppStore|iPhoneSimulator.ActiveCfg = Release|Any CPU
		{9FADC6F6-6BE6-44E1-A092-057A29E3826F}.AppStore|iPhoneSimulator.Build.0 = Release|Any CPU
		{9FADC6F6-6BE6-44E1-A092-057A29E3826F}.AppStore|iPhoneSimulator.Deploy.0 = Release|Any CPU
		{9FADC6F6-6BE6-44E1-A092-057A29E3826F}.AppStore|x64.ActiveCfg = Release|Any CPU
		{9FADC6F6-6BE6-44E1-A092-057A29E3826F}.AppStore|x64.Build.0 = Release|Any CPU
		{9FADC6F6-6BE6-44E1-A092-057A29E3826F}.AppStore|x64.Deploy.0 = Release|Any CPU
		{9FADC6F6-6BE6-44E1-A092-057A29E3826F}.AppStore|x86.ActiveCfg = Release|Any CPU
		{9FADC6F6-6BE6-44E1-A092-057A29E3826F}.AppStore|x86.Build.0 = Release|Any CPU
		{9FADC6F6-6BE6-44E1-A092-057A29E3826F}.AppStore|x86.Deploy.0 = Release|Any CPU
		{9FADC6F6-6BE6-44E1-A092-057A29E3826F}.Debug|Any CPU.ActiveCfg = Debug|Any CPU
		{9FADC6F6-6BE6-44E1-A092-057A29E3826F}.Debug|Any CPU.Build.0 = Debug|Any CPU
		{9FADC6F6-6BE6-44E1-A092-057A29E3826F}.Debug|Any CPU.Deploy.0 = Debug|Any CPU
		{9FADC6F6-6BE6-44E1-A092-057A29E3826F}.Debug|ARM.ActiveCfg = Debug|Any CPU
		{9FADC6F6-6BE6-44E1-A092-057A29E3826F}.Debug|ARM.Build.0 = Debug|Any CPU
		{9FADC6F6-6BE6-44E1-A092-057A29E3826F}.Debug|ARM.Deploy.0 = Debug|Any CPU
		{9FADC6F6-6BE6-44E1-A092-057A29E3826F}.Debug|iPhone.ActiveCfg = Debug|Any CPU
		{9FADC6F6-6BE6-44E1-A092-057A29E3826F}.Debug|iPhone.Build.0 = Debug|Any CPU
		{9FADC6F6-6BE6-44E1-A092-057A29E3826F}.Debug|iPhone.Deploy.0 = Debug|Any CPU
		{9FADC6F6-6BE6-44E1-A092-057A29E3826F}.Debug|iPhoneSimulator.ActiveCfg = Debug|Any CPU
		{9FADC6F6-6BE6-44E1-A092-057A29E3826F}.Debug|iPhoneSimulator.Build.0 = Debug|Any CPU
		{9FADC6F6-6BE6-44E1-A092-057A29E3826F}.Debug|iPhoneSimulator.Deploy.0 = Debug|Any CPU
		{9FADC6F6-6BE6-44E1-A092-057A29E3826F}.Debug|x64.ActiveCfg = Debug|Any CPU
		{9FADC6F6-6BE6-44E1-A092-057A29E3826F}.Debug|x64.Build.0 = Debug|Any CPU
		{9FADC6F6-6BE6-44E1-A092-057A29E3826F}.Debug|x64.Deploy.0 = Debug|Any CPU
		{9FADC6F6-6BE6-44E1-A092-057A29E3826F}.Debug|x86.ActiveCfg = Debug|Any CPU
		{9FADC6F6-6BE6-44E1-A092-057A29E3826F}.Debug|x86.Build.0 = Debug|Any CPU
		{9FADC6F6-6BE6-44E1-A092-057A29E3826F}.Debug|x86.Deploy.0 = Debug|Any CPU
		{9FADC6F6-6BE6-44E1-A092-057A29E3826F}.Release|Any CPU.ActiveCfg = Release|Any CPU
		{9FADC6F6-6BE6-44E1-A092-057A29E3826F}.Release|Any CPU.Build.0 = Release|Any CPU
		{9FADC6F6-6BE6-44E1-A092-057A29E3826F}.Release|Any CPU.Deploy.0 = Release|Any CPU
		{9FADC6F6-6BE6-44E1-A092-057A29E3826F}.Release|ARM.ActiveCfg = Release|Any CPU
		{9FADC6F6-6BE6-44E1-A092-057A29E3826F}.Release|ARM.Build.0 = Release|Any CPU
		{9FADC6F6-6BE6-44E1-A092-057A29E3826F}.Release|ARM.Deploy.0 = Release|Any CPU
		{9FADC6F6-6BE6-44E1-A092-057A29E3826F}.Release|iPhone.ActiveCfg = Release|Any CPU
		{9FADC6F6-6BE6-44E1-A092-057A29E3826F}.Release|iPhone.Build.0 = Release|Any CPU
		{9FADC6F6-6BE6-44E1-A092-057A29E3826F}.Release|iPhone.Deploy.0 = Release|Any CPU
		{9FADC6F6-6BE6-44E1-A092-057A29E3826F}.Release|iPhoneSimulator.ActiveCfg = Release|Any CPU
		{9FADC6F6-6BE6-44E1-A092-057A29E3826F}.Release|iPhoneSimulator.Build.0 = Release|Any CPU
		{9FADC6F6-6BE6-44E1-A092-057A29E3826F}.Release|iPhoneSimulator.Deploy.0 = Release|Any CPU
		{9FADC6F6-6BE6-44E1-A092-057A29E3826F}.Release|x64.ActiveCfg = Release|Any CPU
		{9FADC6F6-6BE6-44E1-A092-057A29E3826F}.Release|x64.Build.0 = Release|Any CPU
		{9FADC6F6-6BE6-44E1-A092-057A29E3826F}.Release|x64.Deploy.0 = Release|Any CPU
		{9FADC6F6-6BE6-44E1-A092-057A29E3826F}.Release|x86.ActiveCfg = Release|Any CPU
		{9FADC6F6-6BE6-44E1-A092-057A29E3826F}.Release|x86.Build.0 = Release|Any CPU
		{9FADC6F6-6BE6-44E1-A092-057A29E3826F}.Release|x86.Deploy.0 = Release|Any CPU
		{DC9E7648-008B-475D-B317-EADF5479958B}.Ad-Hoc|Any CPU.ActiveCfg = Ad-Hoc|iPhone
		{DC9E7648-008B-475D-B317-EADF5479958B}.Ad-Hoc|Any CPU.Build.0 = Ad-Hoc|iPhone
		{DC9E7648-008B-475D-B317-EADF5479958B}.Ad-Hoc|Any CPU.Deploy.0 = Ad-Hoc|iPhone
		{DC9E7648-008B-475D-B317-EADF5479958B}.Ad-Hoc|ARM.ActiveCfg = Ad-Hoc|iPhone
		{DC9E7648-008B-475D-B317-EADF5479958B}.Ad-Hoc|ARM.Build.0 = Ad-Hoc|iPhone
		{DC9E7648-008B-475D-B317-EADF5479958B}.Ad-Hoc|ARM.Deploy.0 = Ad-Hoc|iPhone
		{DC9E7648-008B-475D-B317-EADF5479958B}.Ad-Hoc|iPhone.ActiveCfg = Ad-Hoc|iPhone
		{DC9E7648-008B-475D-B317-EADF5479958B}.Ad-Hoc|iPhone.Build.0 = Ad-Hoc|iPhone
		{DC9E7648-008B-475D-B317-EADF5479958B}.Ad-Hoc|iPhone.Deploy.0 = Ad-Hoc|iPhone
		{DC9E7648-008B-475D-B317-EADF5479958B}.Ad-Hoc|iPhoneSimulator.ActiveCfg = Ad-Hoc|iPhoneSimulator
		{DC9E7648-008B-475D-B317-EADF5479958B}.Ad-Hoc|iPhoneSimulator.Build.0 = Ad-Hoc|iPhoneSimulator
		{DC9E7648-008B-475D-B317-EADF5479958B}.Ad-Hoc|iPhoneSimulator.Deploy.0 = Ad-Hoc|iPhoneSimulator
		{DC9E7648-008B-475D-B317-EADF5479958B}.Ad-Hoc|x64.ActiveCfg = Ad-Hoc|iPhone
		{DC9E7648-008B-475D-B317-EADF5479958B}.Ad-Hoc|x64.Build.0 = Ad-Hoc|iPhone
		{DC9E7648-008B-475D-B317-EADF5479958B}.Ad-Hoc|x64.Deploy.0 = Ad-Hoc|iPhone
		{DC9E7648-008B-475D-B317-EADF5479958B}.Ad-Hoc|x86.ActiveCfg = Ad-Hoc|iPhone
		{DC9E7648-008B-475D-B317-EADF5479958B}.Ad-Hoc|x86.Build.0 = Ad-Hoc|iPhone
		{DC9E7648-008B-475D-B317-EADF5479958B}.Ad-Hoc|x86.Deploy.0 = Ad-Hoc|iPhone
		{DC9E7648-008B-475D-B317-EADF5479958B}.AppStore|Any CPU.ActiveCfg = AppStore|iPhone
		{DC9E7648-008B-475D-B317-EADF5479958B}.AppStore|Any CPU.Build.0 = AppStore|iPhone
		{DC9E7648-008B-475D-B317-EADF5479958B}.AppStore|Any CPU.Deploy.0 = AppStore|iPhone
		{DC9E7648-008B-475D-B317-EADF5479958B}.AppStore|ARM.ActiveCfg = AppStore|iPhone
		{DC9E7648-008B-475D-B317-EADF5479958B}.AppStore|ARM.Build.0 = AppStore|iPhone
		{DC9E7648-008B-475D-B317-EADF5479958B}.AppStore|ARM.Deploy.0 = AppStore|iPhone
		{DC9E7648-008B-475D-B317-EADF5479958B}.AppStore|iPhone.ActiveCfg = AppStore|iPhone
		{DC9E7648-008B-475D-B317-EADF5479958B}.AppStore|iPhone.Build.0 = AppStore|iPhone
		{DC9E7648-008B-475D-B317-EADF5479958B}.AppStore|iPhone.Deploy.0 = AppStore|iPhone
		{DC9E7648-008B-475D-B317-EADF5479958B}.AppStore|iPhoneSimulator.ActiveCfg = AppStore|iPhoneSimulator
		{DC9E7648-008B-475D-B317-EADF5479958B}.AppStore|iPhoneSimulator.Build.0 = AppStore|iPhoneSimulator
		{DC9E7648-008B-475D-B317-EADF5479958B}.AppStore|iPhoneSimulator.Deploy.0 = AppStore|iPhoneSimulator
		{DC9E7648-008B-475D-B317-EADF5479958B}.AppStore|x64.ActiveCfg = AppStore|iPhone
		{DC9E7648-008B-475D-B317-EADF5479958B}.AppStore|x64.Build.0 = AppStore|iPhone
		{DC9E7648-008B-475D-B317-EADF5479958B}.AppStore|x64.Deploy.0 = AppStore|iPhone
		{DC9E7648-008B-475D-B317-EADF5479958B}.AppStore|x86.ActiveCfg = AppStore|iPhone
		{DC9E7648-008B-475D-B317-EADF5479958B}.AppStore|x86.Build.0 = AppStore|iPhone
		{DC9E7648-008B-475D-B317-EADF5479958B}.AppStore|x86.Deploy.0 = AppStore|iPhone
		{DC9E7648-008B-475D-B317-EADF5479958B}.Debug|Any CPU.ActiveCfg = Debug|iPhoneSimulator
		{DC9E7648-008B-475D-B317-EADF5479958B}.Debug|Any CPU.Build.0 = Debug|iPhoneSimulator
		{DC9E7648-008B-475D-B317-EADF5479958B}.Debug|Any CPU.Deploy.0 = Debug|iPhoneSimulator
		{DC9E7648-008B-475D-B317-EADF5479958B}.Debug|ARM.ActiveCfg = Debug|iPhone
		{DC9E7648-008B-475D-B317-EADF5479958B}.Debug|ARM.Build.0 = Debug|iPhone
		{DC9E7648-008B-475D-B317-EADF5479958B}.Debug|ARM.Deploy.0 = Debug|iPhone
		{DC9E7648-008B-475D-B317-EADF5479958B}.Debug|iPhone.ActiveCfg = Debug|iPhone
		{DC9E7648-008B-475D-B317-EADF5479958B}.Debug|iPhone.Build.0 = Debug|iPhone
		{DC9E7648-008B-475D-B317-EADF5479958B}.Debug|iPhone.Deploy.0 = Debug|iPhone
		{DC9E7648-008B-475D-B317-EADF5479958B}.Debug|iPhoneSimulator.ActiveCfg = Debug|iPhoneSimulator
		{DC9E7648-008B-475D-B317-EADF5479958B}.Debug|iPhoneSimulator.Build.0 = Debug|iPhoneSimulator
		{DC9E7648-008B-475D-B317-EADF5479958B}.Debug|iPhoneSimulator.Deploy.0 = Debug|iPhoneSimulator
		{DC9E7648-008B-475D-B317-EADF5479958B}.Debug|x64.ActiveCfg = Debug|iPhone
		{DC9E7648-008B-475D-B317-EADF5479958B}.Debug|x64.Build.0 = Debug|iPhone
		{DC9E7648-008B-475D-B317-EADF5479958B}.Debug|x64.Deploy.0 = Debug|iPhone
		{DC9E7648-008B-475D-B317-EADF5479958B}.Debug|x86.ActiveCfg = Debug|iPhone
		{DC9E7648-008B-475D-B317-EADF5479958B}.Debug|x86.Build.0 = Debug|iPhone
		{DC9E7648-008B-475D-B317-EADF5479958B}.Debug|x86.Deploy.0 = Debug|iPhone
		{DC9E7648-008B-475D-B317-EADF5479958B}.Release|Any CPU.ActiveCfg = Release|iPhone
		{DC9E7648-008B-475D-B317-EADF5479958B}.Release|Any CPU.Build.0 = Release|iPhone
		{DC9E7648-008B-475D-B317-EADF5479958B}.Release|Any CPU.Deploy.0 = Release|iPhone
		{DC9E7648-008B-475D-B317-EADF5479958B}.Release|ARM.ActiveCfg = Release|iPhone
		{DC9E7648-008B-475D-B317-EADF5479958B}.Release|ARM.Build.0 = Release|iPhone
		{DC9E7648-008B-475D-B317-EADF5479958B}.Release|ARM.Deploy.0 = Release|iPhone
		{DC9E7648-008B-475D-B317-EADF5479958B}.Release|iPhone.ActiveCfg = Release|iPhone
		{DC9E7648-008B-475D-B317-EADF5479958B}.Release|iPhone.Build.0 = Release|iPhone
		{DC9E7648-008B-475D-B317-EADF5479958B}.Release|iPhone.Deploy.0 = Release|iPhone
		{DC9E7648-008B-475D-B317-EADF5479958B}.Release|iPhoneSimulator.ActiveCfg = Release|iPhoneSimulator
		{DC9E7648-008B-475D-B317-EADF5479958B}.Release|iPhoneSimulator.Build.0 = Release|iPhoneSimulator
		{DC9E7648-008B-475D-B317-EADF5479958B}.Release|iPhoneSimulator.Deploy.0 = Release|iPhoneSimulator
		{DC9E7648-008B-475D-B317-EADF5479958B}.Release|x64.ActiveCfg = Release|iPhone
		{DC9E7648-008B-475D-B317-EADF5479958B}.Release|x64.Build.0 = Release|iPhone
		{DC9E7648-008B-475D-B317-EADF5479958B}.Release|x64.Deploy.0 = Release|iPhone
		{DC9E7648-008B-475D-B317-EADF5479958B}.Release|x86.ActiveCfg = Release|iPhone
		{DC9E7648-008B-475D-B317-EADF5479958B}.Release|x86.Build.0 = Release|iPhone
		{DC9E7648-008B-475D-B317-EADF5479958B}.Release|x86.Deploy.0 = Release|iPhone
		{2DF4C9BD-A3BC-4FFA-92F1-CABDAB97530C}.Ad-Hoc|Any CPU.ActiveCfg = Release|x86
		{2DF4C9BD-A3BC-4FFA-92F1-CABDAB97530C}.Ad-Hoc|Any CPU.Build.0 = Release|x86
		{2DF4C9BD-A3BC-4FFA-92F1-CABDAB97530C}.Ad-Hoc|Any CPU.Deploy.0 = Release|x86
		{2DF4C9BD-A3BC-4FFA-92F1-CABDAB97530C}.Ad-Hoc|ARM.ActiveCfg = Release|ARM
		{2DF4C9BD-A3BC-4FFA-92F1-CABDAB97530C}.Ad-Hoc|ARM.Build.0 = Release|ARM
		{2DF4C9BD-A3BC-4FFA-92F1-CABDAB97530C}.Ad-Hoc|ARM.Deploy.0 = Release|ARM
		{2DF4C9BD-A3BC-4FFA-92F1-CABDAB97530C}.Ad-Hoc|iPhone.ActiveCfg = Release|x86
		{2DF4C9BD-A3BC-4FFA-92F1-CABDAB97530C}.Ad-Hoc|iPhone.Build.0 = Release|x86
		{2DF4C9BD-A3BC-4FFA-92F1-CABDAB97530C}.Ad-Hoc|iPhone.Deploy.0 = Release|x86
		{2DF4C9BD-A3BC-4FFA-92F1-CABDAB97530C}.Ad-Hoc|iPhoneSimulator.ActiveCfg = Release|x86
		{2DF4C9BD-A3BC-4FFA-92F1-CABDAB97530C}.Ad-Hoc|iPhoneSimulator.Build.0 = Release|x86
		{2DF4C9BD-A3BC-4FFA-92F1-CABDAB97530C}.Ad-Hoc|iPhoneSimulator.Deploy.0 = Release|x86
		{2DF4C9BD-A3BC-4FFA-92F1-CABDAB97530C}.Ad-Hoc|x64.ActiveCfg = Release|x64
		{2DF4C9BD-A3BC-4FFA-92F1-CABDAB97530C}.Ad-Hoc|x64.Build.0 = Release|x64
		{2DF4C9BD-A3BC-4FFA-92F1-CABDAB97530C}.Ad-Hoc|x64.Deploy.0 = Release|x64
		{2DF4C9BD-A3BC-4FFA-92F1-CABDAB97530C}.Ad-Hoc|x86.ActiveCfg = Release|x86
		{2DF4C9BD-A3BC-4FFA-92F1-CABDAB97530C}.Ad-Hoc|x86.Build.0 = Release|x86
		{2DF4C9BD-A3BC-4FFA-92F1-CABDAB97530C}.Ad-Hoc|x86.Deploy.0 = Release|x86
		{2DF4C9BD-A3BC-4FFA-92F1-CABDAB97530C}.AppStore|Any CPU.ActiveCfg = Release|x86
		{2DF4C9BD-A3BC-4FFA-92F1-CABDAB97530C}.AppStore|Any CPU.Build.0 = Release|x86
		{2DF4C9BD-A3BC-4FFA-92F1-CABDAB97530C}.AppStore|Any CPU.Deploy.0 = Release|x86
		{2DF4C9BD-A3BC-4FFA-92F1-CABDAB97530C}.AppStore|ARM.ActiveCfg = Release|ARM
		{2DF4C9BD-A3BC-4FFA-92F1-CABDAB97530C}.AppStore|ARM.Build.0 = Release|ARM
		{2DF4C9BD-A3BC-4FFA-92F1-CABDAB97530C}.AppStore|ARM.Deploy.0 = Release|ARM
		{2DF4C9BD-A3BC-4FFA-92F1-CABDAB97530C}.AppStore|iPhone.ActiveCfg = Release|x86
		{2DF4C9BD-A3BC-4FFA-92F1-CABDAB97530C}.AppStore|iPhone.Build.0 = Release|x86
		{2DF4C9BD-A3BC-4FFA-92F1-CABDAB97530C}.AppStore|iPhone.Deploy.0 = Release|x86
		{2DF4C9BD-A3BC-4FFA-92F1-CABDAB97530C}.AppStore|iPhoneSimulator.ActiveCfg = Release|x86
		{2DF4C9BD-A3BC-4FFA-92F1-CABDAB97530C}.AppStore|iPhoneSimulator.Build.0 = Release|x86
		{2DF4C9BD-A3BC-4FFA-92F1-CABDAB97530C}.AppStore|iPhoneSimulator.Deploy.0 = Release|x86
		{2DF4C9BD-A3BC-4FFA-92F1-CABDAB97530C}.AppStore|x64.ActiveCfg = Release|x64
		{2DF4C9BD-A3BC-4FFA-92F1-CABDAB97530C}.AppStore|x64.Build.0 = Release|x64
		{2DF4C9BD-A3BC-4FFA-92F1-CABDAB97530C}.AppStore|x64.Deploy.0 = Release|x64
		{2DF4C9BD-A3BC-4FFA-92F1-CABDAB97530C}.AppStore|x86.ActiveCfg = Release|x86
		{2DF4C9BD-A3BC-4FFA-92F1-CABDAB97530C}.AppStore|x86.Build.0 = Release|x86
		{2DF4C9BD-A3BC-4FFA-92F1-CABDAB97530C}.AppStore|x86.Deploy.0 = Release|x86
		{2DF4C9BD-A3BC-4FFA-92F1-CABDAB97530C}.Debug|Any CPU.ActiveCfg = Debug|x86
		{2DF4C9BD-A3BC-4FFA-92F1-CABDAB97530C}.Debug|Any CPU.Build.0 = Debug|x86
		{2DF4C9BD-A3BC-4FFA-92F1-CABDAB97530C}.Debug|Any CPU.Deploy.0 = Debug|x86
		{2DF4C9BD-A3BC-4FFA-92F1-CABDAB97530C}.Debug|ARM.ActiveCfg = Debug|ARM
		{2DF4C9BD-A3BC-4FFA-92F1-CABDAB97530C}.Debug|ARM.Build.0 = Debug|ARM
		{2DF4C9BD-A3BC-4FFA-92F1-CABDAB97530C}.Debug|ARM.Deploy.0 = Debug|ARM
		{2DF4C9BD-A3BC-4FFA-92F1-CABDAB97530C}.Debug|iPhone.ActiveCfg = Debug|x86
		{2DF4C9BD-A3BC-4FFA-92F1-CABDAB97530C}.Debug|iPhone.Build.0 = Debug|x86
		{2DF4C9BD-A3BC-4FFA-92F1-CABDAB97530C}.Debug|iPhone.Deploy.0 = Debug|x86
		{2DF4C9BD-A3BC-4FFA-92F1-CABDAB97530C}.Debug|iPhoneSimulator.ActiveCfg = Debug|x86
		{2DF4C9BD-A3BC-4FFA-92F1-CABDAB97530C}.Debug|iPhoneSimulator.Build.0 = Debug|x86
		{2DF4C9BD-A3BC-4FFA-92F1-CABDAB97530C}.Debug|iPhoneSimulator.Deploy.0 = Debug|x86
		{2DF4C9BD-A3BC-4FFA-92F1-CABDAB97530C}.Debug|x64.ActiveCfg = Debug|x64
		{2DF4C9BD-A3BC-4FFA-92F1-CABDAB97530C}.Debug|x64.Build.0 = Debug|x64
		{2DF4C9BD-A3BC-4FFA-92F1-CABDAB97530C}.Debug|x64.Deploy.0 = Debug|x64
		{2DF4C9BD-A3BC-4FFA-92F1-CABDAB97530C}.Debug|x86.ActiveCfg = Debug|x86
		{2DF4C9BD-A3BC-4FFA-92F1-CABDAB97530C}.Debug|x86.Build.0 = Debug|x86
		{2DF4C9BD-A3BC-4FFA-92F1-CABDAB97530C}.Debug|x86.Deploy.0 = Debug|x86
		{2DF4C9BD-A3BC-4FFA-92F1-CABDAB97530C}.Release|Any CPU.ActiveCfg = Release|x86
		{2DF4C9BD-A3BC-4FFA-92F1-CABDAB97530C}.Release|Any CPU.Build.0 = Release|x86
		{2DF4C9BD-A3BC-4FFA-92F1-CABDAB97530C}.Release|Any CPU.Deploy.0 = Release|x86
		{2DF4C9BD-A3BC-4FFA-92F1-CABDAB97530C}.Release|ARM.ActiveCfg = Release|ARM
		{2DF4C9BD-A3BC-4FFA-92F1-CABDAB97530C}.Release|ARM.Build.0 = Release|ARM
		{2DF4C9BD-A3BC-4FFA-92F1-CABDAB97530C}.Release|ARM.Deploy.0 = Release|ARM
		{2DF4C9BD-A3BC-4FFA-92F1-CABDAB97530C}.Release|iPhone.ActiveCfg = Release|x86
		{2DF4C9BD-A3BC-4FFA-92F1-CABDAB97530C}.Release|iPhone.Build.0 = Release|x86
		{2DF4C9BD-A3BC-4FFA-92F1-CABDAB97530C}.Release|iPhone.Deploy.0 = Release|x86
		{2DF4C9BD-A3BC-4FFA-92F1-CABDAB97530C}.Release|iPhoneSimulator.ActiveCfg = Release|x86
		{2DF4C9BD-A3BC-4FFA-92F1-CABDAB97530C}.Release|iPhoneSimulator.Build.0 = Release|x86
		{2DF4C9BD-A3BC-4FFA-92F1-CABDAB97530C}.Release|iPhoneSimulator.Deploy.0 = Release|x86
		{2DF4C9BD-A3BC-4FFA-92F1-CABDAB97530C}.Release|x64.ActiveCfg = Release|x64
		{2DF4C9BD-A3BC-4FFA-92F1-CABDAB97530C}.Release|x64.Build.0 = Release|x64
		{2DF4C9BD-A3BC-4FFA-92F1-CABDAB97530C}.Release|x64.Deploy.0 = Release|x64
		{2DF4C9BD-A3BC-4FFA-92F1-CABDAB97530C}.Release|x86.ActiveCfg = Release|x86
		{2DF4C9BD-A3BC-4FFA-92F1-CABDAB97530C}.Release|x86.Build.0 = Release|x86
		{2DF4C9BD-A3BC-4FFA-92F1-CABDAB97530C}.Release|x86.Deploy.0 = Release|x86
		{62FC66E9-1E21-4B2D-A748-8EF0A60EFBD4}.Ad-Hoc|Any CPU.ActiveCfg = Debug|Any CPU
		{62FC66E9-1E21-4B2D-A748-8EF0A60EFBD4}.Ad-Hoc|Any CPU.Build.0 = Debug|Any CPU
		{62FC66E9-1E21-4B2D-A748-8EF0A60EFBD4}.Ad-Hoc|Any CPU.Deploy.0 = Debug|Any CPU
		{62FC66E9-1E21-4B2D-A748-8EF0A60EFBD4}.Ad-Hoc|ARM.ActiveCfg = Debug|Any CPU
		{62FC66E9-1E21-4B2D-A748-8EF0A60EFBD4}.Ad-Hoc|ARM.Build.0 = Debug|Any CPU
		{62FC66E9-1E21-4B2D-A748-8EF0A60EFBD4}.Ad-Hoc|ARM.Deploy.0 = Debug|Any CPU
		{62FC66E9-1E21-4B2D-A748-8EF0A60EFBD4}.Ad-Hoc|iPhone.ActiveCfg = Debug|Any CPU
		{62FC66E9-1E21-4B2D-A748-8EF0A60EFBD4}.Ad-Hoc|iPhone.Build.0 = Debug|Any CPU
		{62FC66E9-1E21-4B2D-A748-8EF0A60EFBD4}.Ad-Hoc|iPhone.Deploy.0 = Debug|Any CPU
		{62FC66E9-1E21-4B2D-A748-8EF0A60EFBD4}.Ad-Hoc|iPhoneSimulator.ActiveCfg = Debug|Any CPU
		{62FC66E9-1E21-4B2D-A748-8EF0A60EFBD4}.Ad-Hoc|iPhoneSimulator.Build.0 = Debug|Any CPU
		{62FC66E9-1E21-4B2D-A748-8EF0A60EFBD4}.Ad-Hoc|iPhoneSimulator.Deploy.0 = Debug|Any CPU
		{62FC66E9-1E21-4B2D-A748-8EF0A60EFBD4}.Ad-Hoc|x64.ActiveCfg = Debug|Any CPU
		{62FC66E9-1E21-4B2D-A748-8EF0A60EFBD4}.Ad-Hoc|x64.Build.0 = Debug|Any CPU
		{62FC66E9-1E21-4B2D-A748-8EF0A60EFBD4}.Ad-Hoc|x64.Deploy.0 = Debug|Any CPU
		{62FC66E9-1E21-4B2D-A748-8EF0A60EFBD4}.Ad-Hoc|x86.ActiveCfg = Debug|Any CPU
		{62FC66E9-1E21-4B2D-A748-8EF0A60EFBD4}.Ad-Hoc|x86.Build.0 = Debug|Any CPU
		{62FC66E9-1E21-4B2D-A748-8EF0A60EFBD4}.Ad-Hoc|x86.Deploy.0 = Debug|Any CPU
		{62FC66E9-1E21-4B2D-A748-8EF0A60EFBD4}.AppStore|Any CPU.ActiveCfg = Debug|Any CPU
		{62FC66E9-1E21-4B2D-A748-8EF0A60EFBD4}.AppStore|Any CPU.Build.0 = Debug|Any CPU
		{62FC66E9-1E21-4B2D-A748-8EF0A60EFBD4}.AppStore|Any CPU.Deploy.0 = Debug|Any CPU
		{62FC66E9-1E21-4B2D-A748-8EF0A60EFBD4}.AppStore|ARM.ActiveCfg = Debug|Any CPU
		{62FC66E9-1E21-4B2D-A748-8EF0A60EFBD4}.AppStore|ARM.Build.0 = Debug|Any CPU
		{62FC66E9-1E21-4B2D-A748-8EF0A60EFBD4}.AppStore|ARM.Deploy.0 = Debug|Any CPU
		{62FC66E9-1E21-4B2D-A748-8EF0A60EFBD4}.AppStore|iPhone.ActiveCfg = Debug|Any CPU
		{62FC66E9-1E21-4B2D-A748-8EF0A60EFBD4}.AppStore|iPhone.Build.0 = Debug|Any CPU
		{62FC66E9-1E21-4B2D-A748-8EF0A60EFBD4}.AppStore|iPhone.Deploy.0 = Debug|Any CPU
		{62FC66E9-1E21-4B2D-A748-8EF0A60EFBD4}.AppStore|iPhoneSimulator.ActiveCfg = Debug|Any CPU
		{62FC66E9-1E21-4B2D-A748-8EF0A60EFBD4}.AppStore|iPhoneSimulator.Build.0 = Debug|Any CPU
		{62FC66E9-1E21-4B2D-A748-8EF0A60EFBD4}.AppStore|iPhoneSimulator.Deploy.0 = Debug|Any CPU
		{62FC66E9-1E21-4B2D-A748-8EF0A60EFBD4}.AppStore|x64.ActiveCfg = Debug|Any CPU
		{62FC66E9-1E21-4B2D-A748-8EF0A60EFBD4}.AppStore|x64.Build.0 = Debug|Any CPU
		{62FC66E9-1E21-4B2D-A748-8EF0A60EFBD4}.AppStore|x64.Deploy.0 = Debug|Any CPU
		{62FC66E9-1E21-4B2D-A748-8EF0A60EFBD4}.AppStore|x86.ActiveCfg = Debug|Any CPU
		{62FC66E9-1E21-4B2D-A748-8EF0A60EFBD4}.AppStore|x86.Build.0 = Debug|Any CPU
		{62FC66E9-1E21-4B2D-A748-8EF0A60EFBD4}.AppStore|x86.Deploy.0 = Debug|Any CPU
		{62FC66E9-1E21-4B2D-A748-8EF0A60EFBD4}.Debug|Any CPU.ActiveCfg = Debug|Any CPU
		{62FC66E9-1E21-4B2D-A748-8EF0A60EFBD4}.Debug|Any CPU.Build.0 = Debug|Any CPU
		{62FC66E9-1E21-4B2D-A748-8EF0A60EFBD4}.Debug|Any CPU.Deploy.0 = Debug|Any CPU
		{62FC66E9-1E21-4B2D-A748-8EF0A60EFBD4}.Debug|ARM.ActiveCfg = Debug|Any CPU
		{62FC66E9-1E21-4B2D-A748-8EF0A60EFBD4}.Debug|ARM.Build.0 = Debug|Any CPU
		{62FC66E9-1E21-4B2D-A748-8EF0A60EFBD4}.Debug|ARM.Deploy.0 = Debug|Any CPU
		{62FC66E9-1E21-4B2D-A748-8EF0A60EFBD4}.Debug|iPhone.ActiveCfg = Debug|Any CPU
		{62FC66E9-1E21-4B2D-A748-8EF0A60EFBD4}.Debug|iPhone.Build.0 = Debug|Any CPU
		{62FC66E9-1E21-4B2D-A748-8EF0A60EFBD4}.Debug|iPhone.Deploy.0 = Debug|Any CPU
		{62FC66E9-1E21-4B2D-A748-8EF0A60EFBD4}.Debug|iPhoneSimulator.ActiveCfg = Debug|Any CPU
		{62FC66E9-1E21-4B2D-A748-8EF0A60EFBD4}.Debug|iPhoneSimulator.Build.0 = Debug|Any CPU
		{62FC66E9-1E21-4B2D-A748-8EF0A60EFBD4}.Debug|iPhoneSimulator.Deploy.0 = Debug|Any CPU
		{62FC66E9-1E21-4B2D-A748-8EF0A60EFBD4}.Debug|x64.ActiveCfg = Debug|Any CPU
		{62FC66E9-1E21-4B2D-A748-8EF0A60EFBD4}.Debug|x64.Build.0 = Debug|Any CPU
		{62FC66E9-1E21-4B2D-A748-8EF0A60EFBD4}.Debug|x64.Deploy.0 = Debug|Any CPU
		{62FC66E9-1E21-4B2D-A748-8EF0A60EFBD4}.Debug|x86.ActiveCfg = Debug|Any CPU
		{62FC66E9-1E21-4B2D-A748-8EF0A60EFBD4}.Debug|x86.Build.0 = Debug|Any CPU
		{62FC66E9-1E21-4B2D-A748-8EF0A60EFBD4}.Debug|x86.Deploy.0 = Debug|Any CPU
		{62FC66E9-1E21-4B2D-A748-8EF0A60EFBD4}.Release|Any CPU.ActiveCfg = Release|Any CPU
		{62FC66E9-1E21-4B2D-A748-8EF0A60EFBD4}.Release|Any CPU.Build.0 = Release|Any CPU
		{62FC66E9-1E21-4B2D-A748-8EF0A60EFBD4}.Release|Any CPU.Deploy.0 = Release|Any CPU
		{62FC66E9-1E21-4B2D-A748-8EF0A60EFBD4}.Release|ARM.ActiveCfg = Release|Any CPU
		{62FC66E9-1E21-4B2D-A748-8EF0A60EFBD4}.Release|ARM.Build.0 = Release|Any CPU
		{62FC66E9-1E21-4B2D-A748-8EF0A60EFBD4}.Release|ARM.Deploy.0 = Release|Any CPU
		{62FC66E9-1E21-4B2D-A748-8EF0A60EFBD4}.Release|iPhone.ActiveCfg = Release|Any CPU
		{62FC66E9-1E21-4B2D-A748-8EF0A60EFBD4}.Release|iPhone.Build.0 = Release|Any CPU
		{62FC66E9-1E21-4B2D-A748-8EF0A60EFBD4}.Release|iPhone.Deploy.0 = Release|Any CPU
		{62FC66E9-1E21-4B2D-A748-8EF0A60EFBD4}.Release|iPhoneSimulator.ActiveCfg = Release|Any CPU
		{62FC66E9-1E21-4B2D-A748-8EF0A60EFBD4}.Release|iPhoneSimulator.Build.0 = Release|Any CPU
		{62FC66E9-1E21-4B2D-A748-8EF0A60EFBD4}.Release|iPhoneSimulator.Deploy.0 = Release|Any CPU
		{62FC66E9-1E21-4B2D-A748-8EF0A60EFBD4}.Release|x64.ActiveCfg = Release|Any CPU
		{62FC66E9-1E21-4B2D-A748-8EF0A60EFBD4}.Release|x64.Build.0 = Release|Any CPU
		{62FC66E9-1E21-4B2D-A748-8EF0A60EFBD4}.Release|x64.Deploy.0 = Release|Any CPU
		{62FC66E9-1E21-4B2D-A748-8EF0A60EFBD4}.Release|x86.ActiveCfg = Release|Any CPU
		{62FC66E9-1E21-4B2D-A748-8EF0A60EFBD4}.Release|x86.Build.0 = Release|Any CPU
		{62FC66E9-1E21-4B2D-A748-8EF0A60EFBD4}.Release|x86.Deploy.0 = Release|Any CPU
	EndGlobalSection
	GlobalSection(SolutionProperties) = preSolution
		HideSolutionNode = FALSE
	EndGlobalSection
	GlobalSection(ExtensibilityGlobals) = postSolution
		SolutionGuid = {84DE8413-8213-4FE0-85D6-E4E63B9A4274}
	EndGlobalSection
EndGlobal
